{
  "version": 4,
  "terraform_version": "1.11.4",
  "serial": 137,
  "lineage": "fbb5fa78-6a3a-622c-e3cd-8a858e5f8895",
  "outputs": {
    "endpoint_id": {
      "value": "deen-mysql-database.cob4i6mwip05.us-east-1.rds.amazonaws.com:3306",
      "type": "string"
    },
    "private_subnet_ids": {
      "value": [
        "subnet-0dd98426f5abcb510",
        "subnet-055375e5ba917a205"
      ],
      "type": [
        "tuple",
        [
          "string",
          "string"
        ]
      ]
    },
    "public_subnet_ids": {
      "value": [
        "subnet-058e435d3863552ae",
        "subnet-0b5b7a9bfe1a4bf7e"
      ],
      "type": [
        "tuple",
        [
          "string",
          "string"
        ]
      ]
    },
    "vpc_id": {
      "value": "vpc-02ca0ba85838364a4",
      "type": "string",
      "sensitive": true
    },
    "vpc_security_group_ids": {
      "value": "sg-0d2e59f11cda9b2a0",
      "type": "string"
    }
  },
  "resources": [
    {
      "module": "module.ec2-deployment",
      "mode": "managed",
      "type": "aws_instance",
      "name": "tf_aws_private_ec2",
      "provider": "provider[\"registry.terraform.io/hashicorp/aws\"]",
      "instances": [
        {
          "index_key": 0,
          "schema_version": 2,
          "attributes": {
            "ami": "ami-020cba7c55df1f615",
            "arn": "arn:aws:ec2:us-east-1:535002884759:instance/i-007f519def449baaf",
            "associate_public_ip_address": false,
            "availability_zone": "us-east-1a",
            "capacity_reservation_specification": [
              {
                "capacity_reservation_preference": "open",
                "capacity_reservation_target": []
              }
            ],
            "cpu_options": [
              {
                "amd_sev_snp": "",
                "core_count": 1,
                "threads_per_core": 1
              }
            ],
            "credit_specification": [
              {
                "cpu_credits": "standard"
              }
            ],
            "disable_api_stop": false,
            "disable_api_termination": false,
            "ebs_block_device": [],
            "ebs_optimized": false,
            "enable_primary_ipv6": null,
            "enclave_options": [
              {
                "enabled": false
              }
            ],
            "ephemeral_block_device": [],
            "get_password_data": false,
            "hibernation": false,
            "host_id": "",
            "host_resource_group_arn": null,
            "iam_instance_profile": "",
            "id": "i-007f519def449baaf",
            "instance_initiated_shutdown_behavior": "stop",
            "instance_lifecycle": "",
            "instance_market_options": [],
            "instance_state": "running",
            "instance_type": "t2.micro",
            "ipv6_address_count": 0,
            "ipv6_addresses": [],
            "key_name": "systemadminkey",
            "launch_template": [],
            "maintenance_options": [
              {
                "auto_recovery": "default"
              }
            ],
            "metadata_options": [
              {
                "http_endpoint": "enabled",
                "http_protocol_ipv6": "disabled",
                "http_put_response_hop_limit": 2,
                "http_tokens": "required",
                "instance_metadata_tags": "disabled"
              }
            ],
            "monitoring": false,
            "network_interface": [],
            "outpost_arn": "",
            "password_data": "",
            "placement_group": "",
            "placement_partition_number": 0,
            "primary_network_interface_id": "eni-0beada1e569fe7624",
            "private_dns": "ip-10-0-3-69.ec2.internal",
            "private_dns_name_options": [
              {
                "enable_resource_name_dns_a_record": false,
                "enable_resource_name_dns_aaaa_record": false,
                "hostname_type": "ip-name"
              }
            ],
            "private_ip": "10.0.3.69",
            "public_dns": "",
            "public_ip": "",
            "region": "us-east-1",
            "root_block_device": [
              {
                "delete_on_termination": true,
                "device_name": "/dev/sda1",
                "encrypted": false,
                "iops": 3000,
                "kms_key_id": "",
                "tags": {},
                "tags_all": {},
                "throughput": 125,
                "volume_id": "vol-0eb2e35e33f1c7fb1",
                "volume_size": 8,
                "volume_type": "gp3"
              }
            ],
            "secondary_private_ips": [],
            "security_groups": [],
            "source_dest_check": true,
            "spot_instance_request_id": "",
            "subnet_id": "subnet-0dd98426f5abcb510",
            "tags": {
              "Environment": "production",
              "Name": "deen-server01"
            },
            "tags_all": {
              "Environment": "production",
              "Name": "deen-server01"
            },
            "tenancy": "default",
            "timeouts": null,
            "user_data": null,
            "user_data_base64": null,
            "user_data_replace_on_change": false,
            "volume_tags": null,
            "vpc_security_group_ids": [
              "sg-0d2e59f11cda9b2a0"
            ]
          },
          "sensitive_attributes": [],
          "private": "eyJlMmJmYjczMC1lY2FhLTExZTYtOGY4OC0zNDM2M2JjN2M0YzAiOnsiY3JlYXRlIjo2MDAwMDAwMDAwMDAsImRlbGV0ZSI6MTIwMDAwMDAwMDAwMCwicmVhZCI6OTAwMDAwMDAwMDAwLCJ1cGRhdGUiOjYwMDAwMDAwMDAwMH0sInNjaGVtYV92ZXJzaW9uIjoiMiJ9",
          "dependencies": [
            "module.vpc-deployment.aws_security_group.tf_aws_sg",
            "module.vpc-deployment.aws_subnet.tf_aws_private_subnet",
            "module.vpc-deployment.aws_vpc.tf_aws_vpc",
            "module.vpc-deployment.data.aws_availability_zones.available"
          ]
        },
        {
          "index_key": 1,
          "schema_version": 2,
          "attributes": {
            "ami": "ami-020cba7c55df1f615",
            "arn": "arn:aws:ec2:us-east-1:535002884759:instance/i-065bb4c92682f2fbb",
            "associate_public_ip_address": false,
            "availability_zone": "us-east-1b",
            "capacity_reservation_specification": [
              {
                "capacity_reservation_preference": "open",
                "capacity_reservation_target": []
              }
            ],
            "cpu_options": [
              {
                "amd_sev_snp": "",
                "core_count": 1,
                "threads_per_core": 1
              }
            ],
            "credit_specification": [
              {
                "cpu_credits": "standard"
              }
            ],
            "disable_api_stop": false,
            "disable_api_termination": false,
            "ebs_block_device": [],
            "ebs_optimized": false,
            "enable_primary_ipv6": null,
            "enclave_options": [
              {
                "enabled": false
              }
            ],
            "ephemeral_block_device": [],
            "get_password_data": false,
            "hibernation": false,
            "host_id": "",
            "host_resource_group_arn": null,
            "iam_instance_profile": "",
            "id": "i-065bb4c92682f2fbb",
            "instance_initiated_shutdown_behavior": "stop",
            "instance_lifecycle": "",
            "instance_market_options": [],
            "instance_state": "running",
            "instance_type": "t2.micro",
            "ipv6_address_count": 0,
            "ipv6_addresses": [],
            "key_name": "systemadminkey",
            "launch_template": [],
            "maintenance_options": [
              {
                "auto_recovery": "default"
              }
            ],
            "metadata_options": [
              {
                "http_endpoint": "enabled",
                "http_protocol_ipv6": "disabled",
                "http_put_response_hop_limit": 2,
                "http_tokens": "required",
                "instance_metadata_tags": "disabled"
              }
            ],
            "monitoring": false,
            "network_interface": [],
            "outpost_arn": "",
            "password_data": "",
            "placement_group": "",
            "placement_partition_number": 0,
            "primary_network_interface_id": "eni-0400c0fcc62ac3920",
            "private_dns": "ip-10-0-4-117.ec2.internal",
            "private_dns_name_options": [
              {
                "enable_resource_name_dns_a_record": false,
                "enable_resource_name_dns_aaaa_record": false,
                "hostname_type": "ip-name"
              }
            ],
            "private_ip": "10.0.4.117",
            "public_dns": "",
            "public_ip": "",
            "region": "us-east-1",
            "root_block_device": [
              {
                "delete_on_termination": true,
                "device_name": "/dev/sda1",
                "encrypted": false,
                "iops": 3000,
                "kms_key_id": "",
                "tags": {},
                "tags_all": {},
                "throughput": 125,
                "volume_id": "vol-057b78704d94c8257",
                "volume_size": 8,
                "volume_type": "gp3"
              }
            ],
            "secondary_private_ips": [],
            "security_groups": [],
            "source_dest_check": true,
            "spot_instance_request_id": "",
            "subnet_id": "subnet-055375e5ba917a205",
            "tags": {
              "Environment": "production",
              "Name": "deen-server02"
            },
            "tags_all": {
              "Environment": "production",
              "Name": "deen-server02"
            },
            "tenancy": "default",
            "timeouts": null,
            "user_data": null,
            "user_data_base64": null,
            "user_data_replace_on_change": false,
            "volume_tags": null,
            "vpc_security_group_ids": [
              "sg-0d2e59f11cda9b2a0"
            ]
          },
          "sensitive_attributes": [],
          "private": "eyJlMmJmYjczMC1lY2FhLTExZTYtOGY4OC0zNDM2M2JjN2M0YzAiOnsiY3JlYXRlIjo2MDAwMDAwMDAwMDAsImRlbGV0ZSI6MTIwMDAwMDAwMDAwMCwicmVhZCI6OTAwMDAwMDAwMDAwLCJ1cGRhdGUiOjYwMDAwMDAwMDAwMH0sInNjaGVtYV92ZXJzaW9uIjoiMiJ9",
          "dependencies": [
            "module.vpc-deployment.aws_security_group.tf_aws_sg",
            "module.vpc-deployment.aws_subnet.tf_aws_private_subnet",
            "module.vpc-deployment.aws_vpc.tf_aws_vpc",
            "module.vpc-deployment.data.aws_availability_zones.available"
          ]
        }
      ]
    },
    {
      "module": "module.ec2-deployment",
      "mode": "managed",
      "type": "aws_instance",
      "name": "tf_aws_public_ec2",
      "provider": "provider[\"registry.terraform.io/hashicorp/aws\"]",
      "instances": [
        {
          "index_key": 0,
          "schema_version": 2,
          "attributes": {
            "ami": "ami-020cba7c55df1f615",
            "arn": "arn:aws:ec2:us-east-1:535002884759:instance/i-09f6211120d845456",
            "associate_public_ip_address": true,
            "availability_zone": "us-east-1a",
            "capacity_reservation_specification": [
              {
                "capacity_reservation_preference": "open",
                "capacity_reservation_target": []
              }
            ],
            "cpu_options": [
              {
                "amd_sev_snp": "",
                "core_count": 1,
                "threads_per_core": 1
              }
            ],
            "credit_specification": [
              {
                "cpu_credits": "standard"
              }
            ],
            "disable_api_stop": false,
            "disable_api_termination": false,
            "ebs_block_device": [],
            "ebs_optimized": false,
            "enable_primary_ipv6": null,
            "enclave_options": [
              {
                "enabled": false
              }
            ],
            "ephemeral_block_device": [],
            "get_password_data": false,
            "hibernation": false,
            "host_id": "",
            "host_resource_group_arn": null,
            "iam_instance_profile": "",
            "id": "i-09f6211120d845456",
            "instance_initiated_shutdown_behavior": "stop",
            "instance_lifecycle": "",
            "instance_market_options": [],
            "instance_state": "running",
            "instance_type": "t2.micro",
            "ipv6_address_count": 0,
            "ipv6_addresses": [],
            "key_name": "systemadminkey",
            "launch_template": [],
            "maintenance_options": [
              {
                "auto_recovery": "default"
              }
            ],
            "metadata_options": [
              {
                "http_endpoint": "enabled",
                "http_protocol_ipv6": "disabled",
                "http_put_response_hop_limit": 2,
                "http_tokens": "required",
                "instance_metadata_tags": "disabled"
              }
            ],
            "monitoring": false,
            "network_interface": [],
            "outpost_arn": "",
            "password_data": "",
            "placement_group": "",
            "placement_partition_number": 0,
            "primary_network_interface_id": "eni-022b768e99d760d03",
            "private_dns": "ip-10-0-1-8.ec2.internal",
            "private_dns_name_options": [
              {
                "enable_resource_name_dns_a_record": false,
                "enable_resource_name_dns_aaaa_record": false,
                "hostname_type": "ip-name"
              }
            ],
            "private_ip": "10.0.1.8",
            "public_dns": "ec2-54-204-91-203.compute-1.amazonaws.com",
            "public_ip": "54.204.91.203",
            "region": "us-east-1",
            "root_block_device": [
              {
                "delete_on_termination": true,
                "device_name": "/dev/sda1",
                "encrypted": false,
                "iops": 3000,
                "kms_key_id": "",
                "tags": {},
                "tags_all": {},
                "throughput": 125,
                "volume_id": "vol-0f1fd90f9adb38e2e",
                "volume_size": 8,
                "volume_type": "gp3"
              }
            ],
            "secondary_private_ips": [],
            "security_groups": [],
            "source_dest_check": true,
            "spot_instance_request_id": "",
            "subnet_id": "subnet-058e435d3863552ae",
            "tags": {
              "Environment": "production",
              "Name": "deen-server01"
            },
            "tags_all": {
              "Environment": "production",
              "Name": "deen-server01"
            },
            "tenancy": "default",
            "timeouts": null,
            "user_data": null,
            "user_data_base64": null,
            "user_data_replace_on_change": false,
            "volume_tags": null,
            "vpc_security_group_ids": [
              "sg-0d2e59f11cda9b2a0"
            ]
          },
          "sensitive_attributes": [],
          "private": "eyJlMmJmYjczMC1lY2FhLTExZTYtOGY4OC0zNDM2M2JjN2M0YzAiOnsiY3JlYXRlIjo2MDAwMDAwMDAwMDAsImRlbGV0ZSI6MTIwMDAwMDAwMDAwMCwicmVhZCI6OTAwMDAwMDAwMDAwLCJ1cGRhdGUiOjYwMDAwMDAwMDAwMH0sInNjaGVtYV92ZXJzaW9uIjoiMiJ9",
          "dependencies": [
            "module.vpc-deployment.aws_security_group.tf_aws_sg",
            "module.vpc-deployment.aws_subnet.tf_aws_public_subnet",
            "module.vpc-deployment.aws_vpc.tf_aws_vpc",
            "module.vpc-deployment.data.aws_availability_zones.available"
          ]
        },
        {
          "index_key": 1,
          "schema_version": 2,
          "attributes": {
            "ami": "ami-020cba7c55df1f615",
            "arn": "arn:aws:ec2:us-east-1:535002884759:instance/i-0956ed7a546627812",
            "associate_public_ip_address": true,
            "availability_zone": "us-east-1b",
            "capacity_reservation_specification": [
              {
                "capacity_reservation_preference": "open",
                "capacity_reservation_target": []
              }
            ],
            "cpu_options": [
              {
                "amd_sev_snp": "",
                "core_count": 1,
                "threads_per_core": 1
              }
            ],
            "credit_specification": [
              {
                "cpu_credits": "standard"
              }
            ],
            "disable_api_stop": false,
            "disable_api_termination": false,
            "ebs_block_device": [],
            "ebs_optimized": false,
            "enable_primary_ipv6": null,
            "enclave_options": [
              {
                "enabled": false
              }
            ],
            "ephemeral_block_device": [],
            "get_password_data": false,
            "hibernation": false,
            "host_id": "",
            "host_resource_group_arn": null,
            "iam_instance_profile": "",
            "id": "i-0956ed7a546627812",
            "instance_initiated_shutdown_behavior": "stop",
            "instance_lifecycle": "",
            "instance_market_options": [],
            "instance_state": "running",
            "instance_type": "t2.micro",
            "ipv6_address_count": 0,
            "ipv6_addresses": [],
            "key_name": "systemadminkey",
            "launch_template": [],
            "maintenance_options": [
              {
                "auto_recovery": "default"
              }
            ],
            "metadata_options": [
              {
                "http_endpoint": "enabled",
                "http_protocol_ipv6": "disabled",
                "http_put_response_hop_limit": 2,
                "http_tokens": "required",
                "instance_metadata_tags": "disabled"
              }
            ],
            "monitoring": false,
            "network_interface": [],
            "outpost_arn": "",
            "password_data": "",
            "placement_group": "",
            "placement_partition_number": 0,
            "primary_network_interface_id": "eni-0b8f10cd00109dd88",
            "private_dns": "ip-10-0-2-100.ec2.internal",
            "private_dns_name_options": [
              {
                "enable_resource_name_dns_a_record": false,
                "enable_resource_name_dns_aaaa_record": false,
                "hostname_type": "ip-name"
              }
            ],
            "private_ip": "10.0.2.100",
            "public_dns": "ec2-13-217-7-5.compute-1.amazonaws.com",
            "public_ip": "13.217.7.5",
            "region": "us-east-1",
            "root_block_device": [
              {
                "delete_on_termination": true,
                "device_name": "/dev/sda1",
                "encrypted": false,
                "iops": 3000,
                "kms_key_id": "",
                "tags": {},
                "tags_all": {},
                "throughput": 125,
                "volume_id": "vol-0e1d15e7429204136",
                "volume_size": 8,
                "volume_type": "gp3"
              }
            ],
            "secondary_private_ips": [],
            "security_groups": [],
            "source_dest_check": true,
            "spot_instance_request_id": "",
            "subnet_id": "subnet-0b5b7a9bfe1a4bf7e",
            "tags": {
              "Environment": "production",
              "Name": "deen-server02"
            },
            "tags_all": {
              "Environment": "production",
              "Name": "deen-server02"
            },
            "tenancy": "default",
            "timeouts": null,
            "user_data": null,
            "user_data_base64": null,
            "user_data_replace_on_change": false,
            "volume_tags": null,
            "vpc_security_group_ids": [
              "sg-0d2e59f11cda9b2a0"
            ]
          },
          "sensitive_attributes": [],
          "private": "eyJlMmJmYjczMC1lY2FhLTExZTYtOGY4OC0zNDM2M2JjN2M0YzAiOnsiY3JlYXRlIjo2MDAwMDAwMDAwMDAsImRlbGV0ZSI6MTIwMDAwMDAwMDAwMCwicmVhZCI6OTAwMDAwMDAwMDAwLCJ1cGRhdGUiOjYwMDAwMDAwMDAwMH0sInNjaGVtYV92ZXJzaW9uIjoiMiJ9",
          "dependencies": [
            "module.vpc-deployment.aws_security_group.tf_aws_sg",
            "module.vpc-deployment.aws_subnet.tf_aws_public_subnet",
            "module.vpc-deployment.aws_vpc.tf_aws_vpc",
            "module.vpc-deployment.data.aws_availability_zones.available"
          ]
        }
      ]
    },
    {
      "module": "module.rds-deployment",
      "mode": "managed",
      "type": "aws_db_instance",
      "name": "tf_aws_db_instance",
      "provider": "provider[\"registry.terraform.io/hashicorp/aws\"]",
      "instances": [
        {
          "schema_version": 2,
          "attributes": {
            "address": "deen-mysql-database.cob4i6mwip05.us-east-1.rds.amazonaws.com",
            "allocated_storage": 10,
            "allow_major_version_upgrade": null,
            "apply_immediately": false,
            "arn": "arn:aws:rds:us-east-1:535002884759:db:deen-mysql-database",
            "auto_minor_version_upgrade": true,
            "availability_zone": "us-east-1b",
            "backup_retention_period": 0,
            "backup_target": "region",
            "backup_window": "08:18-08:48",
            "blue_green_update": [],
            "ca_cert_identifier": "rds-ca-rsa2048-g1",
            "character_set_name": "",
            "copy_tags_to_snapshot": false,
            "custom_iam_instance_profile": "",
            "customer_owned_ip_enabled": false,
            "database_insights_mode": "standard",
            "db_name": "deen_db",
            "db_subnet_group_name": "deen-rds-subnet-group",
            "dedicated_log_volume": false,
            "delete_automated_backups": true,
            "deletion_protection": false,
            "domain": "",
            "domain_auth_secret_arn": "",
            "domain_dns_ips": null,
            "domain_fqdn": "",
            "domain_iam_role_name": "",
            "domain_ou": "",
            "enabled_cloudwatch_logs_exports": null,
            "endpoint": "deen-mysql-database.cob4i6mwip05.us-east-1.rds.amazonaws.com:3306",
            "engine": "mysql",
            "engine_lifecycle_support": "open-source-rds-extended-support",
            "engine_version": "8.0",
            "engine_version_actual": "8.0.41",
            "final_snapshot_identifier": null,
            "hosted_zone_id": "Z2R2ITUGPM61AM",
            "iam_database_authentication_enabled": false,
            "id": "db-UQRN77EP7LAULFUM2AHODCYWXE",
            "identifier": "deen-mysql-database",
            "identifier_prefix": "",
            "instance_class": "db.t3.micro",
            "iops": 0,
            "kms_key_id": "",
            "latest_restorable_time": "",
            "license_model": "general-public-license",
            "listener_endpoint": [],
            "maintenance_window": "thu:05:54-thu:06:24",
            "manage_master_user_password": null,
            "master_user_secret": [],
            "master_user_secret_kms_key_id": null,
            "max_allocated_storage": 0,
            "monitoring_interval": 0,
            "monitoring_role_arn": "",
            "multi_az": false,
            "nchar_character_set_name": "",
            "network_type": "IPV4",
            "option_group_name": "default:mysql-8-0",
            "parameter_group_name": "default.mysql8.0",
            "password": "Password123",
            "password_wo": null,
            "password_wo_version": null,
            "performance_insights_enabled": false,
            "performance_insights_kms_key_id": "",
            "performance_insights_retention_period": 0,
            "port": 3306,
            "publicly_accessible": false,
            "region": "us-east-1",
            "replica_mode": "",
            "replicas": [],
            "replicate_source_db": "",
            "resource_id": "db-UQRN77EP7LAULFUM2AHODCYWXE",
            "restore_to_point_in_time": [],
            "s3_import": [],
            "skip_final_snapshot": true,
            "snapshot_identifier": null,
            "status": "available",
            "storage_encrypted": false,
            "storage_throughput": 0,
            "storage_type": "gp2",
            "tags": null,
            "tags_all": {},
            "timeouts": null,
            "timezone": "",
            "upgrade_storage_config": null,
            "username": "admin",
            "vpc_security_group_ids": [
              "sg-0d2e59f11cda9b2a0"
            ]
          },
          "sensitive_attributes": [
            [
              {
                "type": "get_attr",
                "value": "password_wo"
              }
            ],
            [
              {
                "type": "get_attr",
                "value": "password"
              }
            ]
          ],
          "private": "eyJlMmJmYjczMC1lY2FhLTExZTYtOGY4OC0zNDM2M2JjN2M0YzAiOnsiY3JlYXRlIjozMDAwMDAwMDAwMDAwLCJkZWxldGUiOjM2MDAwMDAwMDAwMDAsInVwZGF0ZSI6NDgwMDAwMDAwMDAwMH0sInNjaGVtYV92ZXJzaW9uIjoiMiJ9",
          "dependencies": [
            "module.rds-deployment.aws_db_subnet_group.tf_aws_rds_subnet_group",
            "module.vpc-deployment.aws_security_group.tf_aws_sg",
            "module.vpc-deployment.aws_subnet.tf_aws_private_subnet",
            "module.vpc-deployment.aws_vpc.tf_aws_vpc",
            "module.vpc-deployment.data.aws_availability_zones.available"
          ]
        }
      ]
    },
    {
      "module": "module.rds-deployment",
      "mode": "managed",
      "type": "aws_db_subnet_group",
      "name": "tf_aws_rds_subnet_group",
      "provider": "provider[\"registry.terraform.io/hashicorp/aws\"]",
      "instances": [
        {
          "schema_version": 0,
          "attributes": {
            "arn": "arn:aws:rds:us-east-1:535002884759:subgrp:deen-rds-subnet-group",
            "description": "Managed by Terraform",
            "id": "deen-rds-subnet-group",
            "name": "deen-rds-subnet-group",
            "name_prefix": "",
            "region": "us-east-1",
            "subnet_ids": [
              "subnet-055375e5ba917a205",
              "subnet-0dd98426f5abcb510"
            ],
            "supported_network_types": [
              "IPV4"
            ],
            "tags": {
              "Environment": "production",
              "Name": "deen-rds-subnet-group"
            },
            "tags_all": {
              "Environment": "production",
              "Name": "deen-rds-subnet-group"
            },
            "vpc_id": "vpc-02ca0ba85838364a4"
          },
          "sensitive_attributes": [],
          "private": "bnVsbA==",
          "dependencies": [
            "module.vpc-deployment.aws_subnet.tf_aws_private_subnet",
            "module.vpc-deployment.aws_vpc.tf_aws_vpc",
            "module.vpc-deployment.data.aws_availability_zones.available"
          ]
        }
      ]
    },
    {
      "module": "module.vpc-deployment",
      "mode": "data",
      "type": "aws_availability_zones",
      "name": "available",
      "provider": "provider[\"registry.terraform.io/hashicorp/aws\"]",
      "instances": [
        {
          "schema_version": 0,
          "attributes": {
            "all_availability_zones": null,
            "exclude_names": null,
            "exclude_zone_ids": null,
            "filter": null,
            "group_names": [
              "us-east-1-zg-1"
            ],
            "id": "us-east-1",
            "names": [
              "us-east-1a",
              "us-east-1b",
              "us-east-1c",
              "us-east-1d",
              "us-east-1e",
              "us-east-1f"
            ],
            "region": "us-east-1",
            "state": "available",
            "timeouts": null,
            "zone_ids": [
              "use1-az4",
              "use1-az6",
              "use1-az1",
              "use1-az2",
              "use1-az3",
              "use1-az5"
            ]
          },
          "sensitive_attributes": []
        }
      ]
    },
    {
      "module": "module.vpc-deployment",
      "mode": "managed",
      "type": "aws_eip",
      "name": "tf_aws_elasticIP",
      "provider": "provider[\"registry.terraform.io/hashicorp/aws\"]",
      "instances": [
        {
          "index_key": 0,
          "schema_version": 0,
          "attributes": {
            "address": null,
            "allocation_id": "eipalloc-084ff64c01df62013",
            "arn": "arn:aws:ec2:us-east-1:535002884759:elastic-ip/eipalloc-084ff64c01df62013",
            "associate_with_private_ip": null,
            "association_id": "",
            "carrier_ip": "",
            "customer_owned_ip": "",
            "customer_owned_ipv4_pool": "",
            "domain": "vpc",
            "id": "eipalloc-084ff64c01df62013",
            "instance": "",
            "ipam_pool_id": null,
            "network_border_group": "us-east-1",
            "network_interface": "",
            "private_dns": null,
            "private_ip": "",
            "ptr_record": "",
            "public_dns": "ec2-34-194-219-30.compute-1.amazonaws.com",
            "public_ip": "34.194.219.30",
            "public_ipv4_pool": "amazon",
            "region": "us-east-1",
            "tags": {
              "Environment": "production",
              "Name": "deen-eip-1"
            },
            "tags_all": {
              "Environment": "production",
              "Name": "deen-eip-1"
            },
            "timeouts": null
          },
          "sensitive_attributes": [],
          "private": "eyJlMmJmYjczMC1lY2FhLTExZTYtOGY4OC0zNDM2M2JjN2M0YzAiOnsiZGVsZXRlIjoxODAwMDAwMDAwMDAsInJlYWQiOjkwMDAwMDAwMDAwMCwidXBkYXRlIjozMDAwMDAwMDAwMDB9fQ==",
          "dependencies": [
            "module.vpc-deployment.aws_internet_gateway.tf_aws_igw",
            "module.vpc-deployment.aws_vpc.tf_aws_vpc"
          ]
        },
        {
          "index_key": 1,
          "schema_version": 0,
          "attributes": {
            "address": null,
            "allocation_id": "eipalloc-02c60ab1fce6a34d0",
            "arn": "arn:aws:ec2:us-east-1:535002884759:elastic-ip/eipalloc-02c60ab1fce6a34d0",
            "associate_with_private_ip": null,
            "association_id": "",
            "carrier_ip": "",
            "customer_owned_ip": "",
            "customer_owned_ipv4_pool": "",
            "domain": "vpc",
            "id": "eipalloc-02c60ab1fce6a34d0",
            "instance": "",
            "ipam_pool_id": null,
            "network_border_group": "us-east-1",
            "network_interface": "",
            "private_dns": null,
            "private_ip": "",
            "ptr_record": "",
            "public_dns": "ec2-3-229-212-73.compute-1.amazonaws.com",
            "public_ip": "3.229.212.73",
            "public_ipv4_pool": "amazon",
            "region": "us-east-1",
            "tags": {
              "Environment": "production",
              "Name": "deen-eip-2"
            },
            "tags_all": {
              "Environment": "production",
              "Name": "deen-eip-2"
            },
            "timeouts": null
          },
          "sensitive_attributes": [],
          "private": "eyJlMmJmYjczMC1lY2FhLTExZTYtOGY4OC0zNDM2M2JjN2M0YzAiOnsiZGVsZXRlIjoxODAwMDAwMDAwMDAsInJlYWQiOjkwMDAwMDAwMDAwMCwidXBkYXRlIjozMDAwMDAwMDAwMDB9fQ==",
          "dependencies": [
            "module.vpc-deployment.aws_internet_gateway.tf_aws_igw",
            "module.vpc-deployment.aws_vpc.tf_aws_vpc"
          ]
        }
      ]
    },
    {
      "module": "module.vpc-deployment",
      "mode": "managed",
      "type": "aws_internet_gateway",
      "name": "tf_aws_igw",
      "provider": "provider[\"registry.terraform.io/hashicorp/aws\"]",
      "instances": [
        {
          "schema_version": 0,
          "attributes": {
            "arn": "arn:aws:ec2:us-east-1:535002884759:internet-gateway/igw-06207a2c886edb3ff",
            "id": "igw-06207a2c886edb3ff",
            "owner_id": "535002884759",
            "region": "us-east-1",
            "tags": {
              "Environment": "production",
              "Name": "deen-igw"
            },
            "tags_all": {
              "Environment": "production",
              "Name": "deen-igw"
            },
            "timeouts": null,
            "vpc_id": "vpc-02ca0ba85838364a4"
          },
          "sensitive_attributes": [],
          "private": "eyJlMmJmYjczMC1lY2FhLTExZTYtOGY4OC0zNDM2M2JjN2M0YzAiOnsiY3JlYXRlIjoxMjAwMDAwMDAwMDAwLCJkZWxldGUiOjEyMDAwMDAwMDAwMDAsInVwZGF0ZSI6MTIwMDAwMDAwMDAwMH19",
          "dependencies": [
            "module.vpc-deployment.aws_vpc.tf_aws_vpc"
          ]
        }
      ]
    },
    {
      "module": "module.vpc-deployment",
      "mode": "managed",
      "type": "aws_nat_gateway",
      "name": "tf_aws_nat_gateway",
      "provider": "provider[\"registry.terraform.io/hashicorp/aws\"]",
      "instances": [
        {
          "index_key": 0,
          "schema_version": 0,
          "attributes": {
            "allocation_id": "eipalloc-084ff64c01df62013",
            "association_id": "eipassoc-050408fd942707423",
            "connectivity_type": "public",
            "id": "nat-00849bba0f4b8ab74",
            "network_interface_id": "eni-0db1fce1893de8232",
            "private_ip": "10.0.1.185",
            "public_ip": "34.194.219.30",
            "region": "us-east-1",
            "secondary_allocation_ids": null,
            "secondary_private_ip_address_count": 0,
            "secondary_private_ip_addresses": [],
            "subnet_id": "subnet-058e435d3863552ae",
            "tags": {
              "Environment": "production",
              "Name": "deen-nat-gateway-1"
            },
            "tags_all": {
              "Environment": "production",
              "Name": "deen-nat-gateway-1"
            },
            "timeouts": null
          },
          "sensitive_attributes": [],
          "private": "eyJlMmJmYjczMC1lY2FhLTExZTYtOGY4OC0zNDM2M2JjN2M0YzAiOnsiY3JlYXRlIjo2MDAwMDAwMDAwMDAsImRlbGV0ZSI6MTgwMDAwMDAwMDAwMCwidXBkYXRlIjo2MDAwMDAwMDAwMDB9fQ==",
          "dependencies": [
            "module.vpc-deployment.aws_eip.tf_aws_elasticIP",
            "module.vpc-deployment.aws_internet_gateway.tf_aws_igw",
            "module.vpc-deployment.aws_subnet.tf_aws_public_subnet",
            "module.vpc-deployment.aws_vpc.tf_aws_vpc",
            "module.vpc-deployment.data.aws_availability_zones.available"
          ]
        },
        {
          "index_key": 1,
          "schema_version": 0,
          "attributes": {
            "allocation_id": "eipalloc-02c60ab1fce6a34d0",
            "association_id": "eipassoc-051a2a81a579fcdcb",
            "connectivity_type": "public",
            "id": "nat-00e016b4dd2dcd0ee",
            "network_interface_id": "eni-08394f59710de1491",
            "private_ip": "10.0.2.102",
            "public_ip": "3.229.212.73",
            "region": "us-east-1",
            "secondary_allocation_ids": null,
            "secondary_private_ip_address_count": 0,
            "secondary_private_ip_addresses": [],
            "subnet_id": "subnet-0b5b7a9bfe1a4bf7e",
            "tags": {
              "Environment": "production",
              "Name": "deen-nat-gateway-2"
            },
            "tags_all": {
              "Environment": "production",
              "Name": "deen-nat-gateway-2"
            },
            "timeouts": null
          },
          "sensitive_attributes": [],
          "private": "eyJlMmJmYjczMC1lY2FhLTExZTYtOGY4OC0zNDM2M2JjN2M0YzAiOnsiY3JlYXRlIjo2MDAwMDAwMDAwMDAsImRlbGV0ZSI6MTgwMDAwMDAwMDAwMCwidXBkYXRlIjo2MDAwMDAwMDAwMDB9fQ==",
          "dependencies": [
            "module.vpc-deployment.aws_eip.tf_aws_elasticIP",
            "module.vpc-deployment.aws_internet_gateway.tf_aws_igw",
            "module.vpc-deployment.aws_subnet.tf_aws_public_subnet",
            "module.vpc-deployment.aws_vpc.tf_aws_vpc",
            "module.vpc-deployment.data.aws_availability_zones.available"
          ]
        }
      ]
    },
    {
      "module": "module.vpc-deployment",
      "mode": "managed",
      "type": "aws_network_acl",
      "name": "tf_aws_nacl",
      "provider": "provider[\"registry.terraform.io/hashicorp/aws\"]",
      "instances": [
        {
          "schema_version": 0,
          "attributes": {
            "arn": "arn:aws:ec2:us-east-1:535002884759:network-acl/acl-07fa076251653605b",
            "egress": [
              {
                "action": "allow",
                "cidr_block": "0.0.0.0/0",
                "from_port": 0,
                "icmp_code": null,
                "icmp_type": null,
                "ipv6_cidr_block": "",
                "protocol": "all",
                "rule_no": 100,
                "to_port": 0
              }
            ],
            "id": "acl-07fa076251653605b",
            "ingress": [
              {
                "action": "allow",
                "cidr_block": "0.0.0.0/0",
                "from_port": 22,
                "icmp_code": null,
                "icmp_type": null,
                "ipv6_cidr_block": "",
                "protocol": "tcp",
                "rule_no": 200,
                "to_port": 22
              },
              {
                "action": "allow",
                "cidr_block": "0.0.0.0/0",
                "from_port": 80,
                "icmp_code": null,
                "icmp_type": null,
                "ipv6_cidr_block": "",
                "protocol": "tcp",
                "rule_no": 100,
                "to_port": 80
              }
            ],
            "owner_id": "535002884759",
            "region": "us-east-1",
            "subnet_ids": [],
            "tags": {
              "Name": "deen-nacl",
              "environment": "production"
            },
            "tags_all": {
              "Name": "deen-nacl",
              "environment": "production"
            },
            "vpc_id": "vpc-02ca0ba85838364a4"
          },
          "sensitive_attributes": [],
          "private": "bnVsbA==",
          "dependencies": [
            "module.vpc-deployment.aws_vpc.tf_aws_vpc"
          ]
        }
      ]
    },
    {
      "module": "module.vpc-deployment",
      "mode": "managed",
      "type": "aws_network_acl_association",
      "name": "tf_aws_nacl_private_subnet_association",
      "provider": "provider[\"registry.terraform.io/hashicorp/aws\"]",
      "instances": [
        {
          "index_key": 0,
          "schema_version": 0,
          "attributes": {
            "id": "aclassoc-02c8913607d00e9aa",
            "network_acl_id": "acl-07fa076251653605b",
            "region": "us-east-1",
            "subnet_id": "subnet-0dd98426f5abcb510"
          },
          "sensitive_attributes": [],
          "private": "bnVsbA==",
          "dependencies": [
            "module.vpc-deployment.aws_network_acl.tf_aws_nacl",
            "module.vpc-deployment.aws_subnet.tf_aws_private_subnet",
            "module.vpc-deployment.aws_vpc.tf_aws_vpc",
            "module.vpc-deployment.data.aws_availability_zones.available"
          ]
        },
        {
          "index_key": 1,
          "schema_version": 0,
          "attributes": {
            "id": "aclassoc-0072ac0bb419d821d",
            "network_acl_id": "acl-07fa076251653605b",
            "region": "us-east-1",
            "subnet_id": "subnet-055375e5ba917a205"
          },
          "sensitive_attributes": [],
          "private": "bnVsbA==",
          "dependencies": [
            "module.vpc-deployment.aws_network_acl.tf_aws_nacl",
            "module.vpc-deployment.aws_subnet.tf_aws_private_subnet",
            "module.vpc-deployment.aws_vpc.tf_aws_vpc",
            "module.vpc-deployment.data.aws_availability_zones.available"
          ]
        }
      ]
    },
    {
      "module": "module.vpc-deployment",
      "mode": "managed",
      "type": "aws_network_acl_association",
      "name": "tf_aws_nacl_public_subnet_association",
      "provider": "provider[\"registry.terraform.io/hashicorp/aws\"]",
      "instances": [
        {
          "index_key": 0,
          "schema_version": 0,
          "attributes": {
            "id": "aclassoc-04dfb71bc8d6d8c96",
            "network_acl_id": "acl-07fa076251653605b",
            "region": "us-east-1",
            "subnet_id": "subnet-058e435d3863552ae"
          },
          "sensitive_attributes": [],
          "private": "bnVsbA==",
          "dependencies": [
            "module.vpc-deployment.aws_network_acl.tf_aws_nacl",
            "module.vpc-deployment.aws_subnet.tf_aws_public_subnet",
            "module.vpc-deployment.aws_vpc.tf_aws_vpc",
            "module.vpc-deployment.data.aws_availability_zones.available"
          ]
        },
        {
          "index_key": 1,
          "schema_version": 0,
          "attributes": {
            "id": "aclassoc-0f31fe2843255352c",
            "network_acl_id": "acl-07fa076251653605b",
            "region": "us-east-1",
            "subnet_id": "subnet-0b5b7a9bfe1a4bf7e"
          },
          "sensitive_attributes": [],
          "private": "bnVsbA==",
          "dependencies": [
            "module.vpc-deployment.aws_network_acl.tf_aws_nacl",
            "module.vpc-deployment.aws_subnet.tf_aws_public_subnet",
            "module.vpc-deployment.aws_vpc.tf_aws_vpc",
            "module.vpc-deployment.data.aws_availability_zones.available"
          ]
        }
      ]
    },
    {
      "module": "module.vpc-deployment",
      "mode": "managed",
      "type": "aws_route_table",
      "name": "tf_aws_private_route_table",
      "provider": "provider[\"registry.terraform.io/hashicorp/aws\"]",
      "instances": [
        {
          "index_key": 0,
          "schema_version": 0,
          "attributes": {
            "arn": "arn:aws:ec2:us-east-1:535002884759:route-table/rtb-02b2fee142ca5ab8d",
            "id": "rtb-02b2fee142ca5ab8d",
            "owner_id": "535002884759",
            "propagating_vgws": [],
            "region": "us-east-1",
            "route": [
              {
                "carrier_gateway_id": "",
                "cidr_block": "0.0.0.0/0",
                "core_network_arn": "",
                "destination_prefix_list_id": "",
                "egress_only_gateway_id": "",
                "gateway_id": "",
                "ipv6_cidr_block": "",
                "local_gateway_id": "",
                "nat_gateway_id": "nat-00849bba0f4b8ab74",
                "network_interface_id": "",
                "transit_gateway_id": "",
                "vpc_endpoint_id": "",
                "vpc_peering_connection_id": ""
              }
            ],
            "tags": {
              "Environment": "production",
              "Name": "deen-private-route-table1"
            },
            "tags_all": {
              "Environment": "production",
              "Name": "deen-private-route-table1"
            },
            "timeouts": null,
            "vpc_id": "vpc-02ca0ba85838364a4"
          },
          "sensitive_attributes": [],
          "private": "eyJlMmJmYjczMC1lY2FhLTExZTYtOGY4OC0zNDM2M2JjN2M0YzAiOnsiY3JlYXRlIjozMDAwMDAwMDAwMDAsImRlbGV0ZSI6MzAwMDAwMDAwMDAwLCJ1cGRhdGUiOjEyMDAwMDAwMDAwMH19",
          "dependencies": [
            "module.vpc-deployment.aws_eip.tf_aws_elasticIP",
            "module.vpc-deployment.aws_internet_gateway.tf_aws_igw",
            "module.vpc-deployment.aws_nat_gateway.tf_aws_nat_gateway",
            "module.vpc-deployment.aws_subnet.tf_aws_public_subnet",
            "module.vpc-deployment.aws_vpc.tf_aws_vpc",
            "module.vpc-deployment.data.aws_availability_zones.available"
          ]
        },
        {
          "index_key": 1,
          "schema_version": 0,
          "attributes": {
            "arn": "arn:aws:ec2:us-east-1:535002884759:route-table/rtb-09767036a21a8a4e7",
            "id": "rtb-09767036a21a8a4e7",
            "owner_id": "535002884759",
            "propagating_vgws": [],
            "region": "us-east-1",
            "route": [
              {
                "carrier_gateway_id": "",
                "cidr_block": "0.0.0.0/0",
                "core_network_arn": "",
                "destination_prefix_list_id": "",
                "egress_only_gateway_id": "",
                "gateway_id": "",
                "ipv6_cidr_block": "",
                "local_gateway_id": "",
                "nat_gateway_id": "nat-00e016b4dd2dcd0ee",
                "network_interface_id": "",
                "transit_gateway_id": "",
                "vpc_endpoint_id": "",
                "vpc_peering_connection_id": ""
              }
            ],
            "tags": {
              "Environment": "production",
              "Name": "deen-private-route-table2"
            },
            "tags_all": {
              "Environment": "production",
              "Name": "deen-private-route-table2"
            },
            "timeouts": null,
            "vpc_id": "vpc-02ca0ba85838364a4"
          },
          "sensitive_attributes": [],
          "private": "eyJlMmJmYjczMC1lY2FhLTExZTYtOGY4OC0zNDM2M2JjN2M0YzAiOnsiY3JlYXRlIjozMDAwMDAwMDAwMDAsImRlbGV0ZSI6MzAwMDAwMDAwMDAwLCJ1cGRhdGUiOjEyMDAwMDAwMDAwMH19",
          "dependencies": [
            "module.vpc-deployment.aws_eip.tf_aws_elasticIP",
            "module.vpc-deployment.aws_internet_gateway.tf_aws_igw",
            "module.vpc-deployment.aws_nat_gateway.tf_aws_nat_gateway",
            "module.vpc-deployment.aws_subnet.tf_aws_public_subnet",
            "module.vpc-deployment.aws_vpc.tf_aws_vpc",
            "module.vpc-deployment.data.aws_availability_zones.available"
          ]
        }
      ]
    },
    {
      "module": "module.vpc-deployment",
      "mode": "managed",
      "type": "aws_route_table",
      "name": "tf_aws_public_route_table",
      "provider": "provider[\"registry.terraform.io/hashicorp/aws\"]",
      "instances": [
        {
          "schema_version": 0,
          "attributes": {
            "arn": "arn:aws:ec2:us-east-1:535002884759:route-table/rtb-07330cdf645912c08",
            "id": "rtb-07330cdf645912c08",
            "owner_id": "535002884759",
            "propagating_vgws": [],
            "region": "us-east-1",
            "route": [
              {
                "carrier_gateway_id": "",
                "cidr_block": "0.0.0.0/0",
                "core_network_arn": "",
                "destination_prefix_list_id": "",
                "egress_only_gateway_id": "",
                "gateway_id": "igw-06207a2c886edb3ff",
                "ipv6_cidr_block": "",
                "local_gateway_id": "",
                "nat_gateway_id": "",
                "network_interface_id": "",
                "transit_gateway_id": "",
                "vpc_endpoint_id": "",
                "vpc_peering_connection_id": ""
              }
            ],
            "tags": {
              "Environment": "production",
              "Name": "deen-public-route-table"
            },
            "tags_all": {
              "Environment": "production",
              "Name": "deen-public-route-table"
            },
            "timeouts": null,
            "vpc_id": "vpc-02ca0ba85838364a4"
          },
          "sensitive_attributes": [],
          "private": "eyJlMmJmYjczMC1lY2FhLTExZTYtOGY4OC0zNDM2M2JjN2M0YzAiOnsiY3JlYXRlIjozMDAwMDAwMDAwMDAsImRlbGV0ZSI6MzAwMDAwMDAwMDAwLCJ1cGRhdGUiOjEyMDAwMDAwMDAwMH19",
          "dependencies": [
            "module.vpc-deployment.aws_internet_gateway.tf_aws_igw",
            "module.vpc-deployment.aws_vpc.tf_aws_vpc"
          ]
        }
      ]
    },
    {
      "module": "module.vpc-deployment",
      "mode": "managed",
      "type": "aws_route_table_association",
      "name": "tf_private_route_association",
      "provider": "provider[\"registry.terraform.io/hashicorp/aws\"]",
      "instances": [
        {
          "index_key": 0,
          "schema_version": 0,
          "attributes": {
            "gateway_id": "",
            "id": "rtbassoc-03a1eeb2ef0d9f2b3",
            "region": "us-east-1",
            "route_table_id": "rtb-02b2fee142ca5ab8d",
            "subnet_id": "subnet-0dd98426f5abcb510",
            "timeouts": null
          },
          "sensitive_attributes": [],
          "private": "eyJlMmJmYjczMC1lY2FhLTExZTYtOGY4OC0zNDM2M2JjN2M0YzAiOnsiY3JlYXRlIjozMDAwMDAwMDAwMDAsImRlbGV0ZSI6MzAwMDAwMDAwMDAwLCJ1cGRhdGUiOjEyMDAwMDAwMDAwMH19",
          "dependencies": [
            "module.vpc-deployment.aws_eip.tf_aws_elasticIP",
            "module.vpc-deployment.aws_internet_gateway.tf_aws_igw",
            "module.vpc-deployment.aws_nat_gateway.tf_aws_nat_gateway",
            "module.vpc-deployment.aws_route_table.tf_aws_private_route_table",
            "module.vpc-deployment.aws_subnet.tf_aws_private_subnet",
            "module.vpc-deployment.aws_subnet.tf_aws_public_subnet",
            "module.vpc-deployment.aws_vpc.tf_aws_vpc",
            "module.vpc-deployment.data.aws_availability_zones.available"
          ]
        },
        {
          "index_key": 1,
          "schema_version": 0,
          "attributes": {
            "gateway_id": "",
            "id": "rtbassoc-0748c0d6137c1e6fb",
            "region": "us-east-1",
            "route_table_id": "rtb-09767036a21a8a4e7",
            "subnet_id": "subnet-055375e5ba917a205",
            "timeouts": null
          },
          "sensitive_attributes": [],
          "private": "eyJlMmJmYjczMC1lY2FhLTExZTYtOGY4OC0zNDM2M2JjN2M0YzAiOnsiY3JlYXRlIjozMDAwMDAwMDAwMDAsImRlbGV0ZSI6MzAwMDAwMDAwMDAwLCJ1cGRhdGUiOjEyMDAwMDAwMDAwMH19",
          "dependencies": [
            "module.vpc-deployment.aws_eip.tf_aws_elasticIP",
            "module.vpc-deployment.aws_internet_gateway.tf_aws_igw",
            "module.vpc-deployment.aws_nat_gateway.tf_aws_nat_gateway",
            "module.vpc-deployment.aws_route_table.tf_aws_private_route_table",
            "module.vpc-deployment.aws_subnet.tf_aws_private_subnet",
            "module.vpc-deployment.aws_subnet.tf_aws_public_subnet",
            "module.vpc-deployment.aws_vpc.tf_aws_vpc",
            "module.vpc-deployment.data.aws_availability_zones.available"
          ]
        }
      ]
    },
    {
      "module": "module.vpc-deployment",
      "mode": "managed",
      "type": "aws_route_table_association",
      "name": "tf_public_route_association",
      "provider": "provider[\"registry.terraform.io/hashicorp/aws\"]",
      "instances": [
        {
          "index_key": 0,
          "schema_version": 0,
          "attributes": {
            "gateway_id": "",
            "id": "rtbassoc-0deac7bbe826853f8",
            "region": "us-east-1",
            "route_table_id": "rtb-07330cdf645912c08",
            "subnet_id": "subnet-058e435d3863552ae",
            "timeouts": null
          },
          "sensitive_attributes": [],
          "private": "eyJlMmJmYjczMC1lY2FhLTExZTYtOGY4OC0zNDM2M2JjN2M0YzAiOnsiY3JlYXRlIjozMDAwMDAwMDAwMDAsImRlbGV0ZSI6MzAwMDAwMDAwMDAwLCJ1cGRhdGUiOjEyMDAwMDAwMDAwMH19",
          "dependencies": [
            "module.vpc-deployment.aws_internet_gateway.tf_aws_igw",
            "module.vpc-deployment.aws_route_table.tf_aws_public_route_table",
            "module.vpc-deployment.aws_subnet.tf_aws_public_subnet",
            "module.vpc-deployment.aws_vpc.tf_aws_vpc",
            "module.vpc-deployment.data.aws_availability_zones.available"
          ]
        },
        {
          "index_key": 1,
          "schema_version": 0,
          "attributes": {
            "gateway_id": "",
            "id": "rtbassoc-06518d4752b70e56c",
            "region": "us-east-1",
            "route_table_id": "rtb-07330cdf645912c08",
            "subnet_id": "subnet-0b5b7a9bfe1a4bf7e",
            "timeouts": null
          },
          "sensitive_attributes": [],
          "private": "eyJlMmJmYjczMC1lY2FhLTExZTYtOGY4OC0zNDM2M2JjN2M0YzAiOnsiY3JlYXRlIjozMDAwMDAwMDAwMDAsImRlbGV0ZSI6MzAwMDAwMDAwMDAwLCJ1cGRhdGUiOjEyMDAwMDAwMDAwMH19",
          "dependencies": [
            "module.vpc-deployment.aws_internet_gateway.tf_aws_igw",
            "module.vpc-deployment.aws_route_table.tf_aws_public_route_table",
            "module.vpc-deployment.aws_subnet.tf_aws_public_subnet",
            "module.vpc-deployment.aws_vpc.tf_aws_vpc",
            "module.vpc-deployment.data.aws_availability_zones.available"
          ]
        }
      ]
    },
    {
      "module": "module.vpc-deployment",
      "mode": "managed",
      "type": "aws_security_group",
      "name": "tf_aws_sg",
      "provider": "provider[\"registry.terraform.io/hashicorp/aws\"]",
      "instances": [
        {
          "schema_version": 1,
          "attributes": {
            "arn": "arn:aws:ec2:us-east-1:535002884759:security-group/sg-0d2e59f11cda9b2a0",
            "description": "Allow TLS inbound traffic and all outbound traffic",
            "egress": [
              {
                "cidr_blocks": [
                  "0.0.0.0/0"
                ],
                "description": "Allow all outbound traffic",
                "from_port": 0,
                "ipv6_cidr_blocks": [],
                "prefix_list_ids": [],
                "protocol": "-1",
                "security_groups": [],
                "self": false,
                "to_port": 0
              }
            ],
            "id": "sg-0d2e59f11cda9b2a0",
            "ingress": [
              {
                "cidr_blocks": [
                  "0.0.0.0/0"
                ],
                "description": "HTTP",
                "from_port": 80,
                "ipv6_cidr_blocks": [],
                "prefix_list_ids": [],
                "protocol": "tcp",
                "security_groups": [],
                "self": false,
                "to_port": 80
              },
              {
                "cidr_blocks": [
                  "0.0.0.0/0"
                ],
                "description": "MYSQL",
                "from_port": 3306,
                "ipv6_cidr_blocks": [],
                "prefix_list_ids": [],
                "protocol": "tcp",
                "security_groups": [],
                "self": false,
                "to_port": 3306
              },
              {
                "cidr_blocks": [
                  "0.0.0.0/0"
                ],
                "description": "SSH from VPC",
                "from_port": 22,
                "ipv6_cidr_blocks": [],
                "prefix_list_ids": [],
                "protocol": "tcp",
                "security_groups": [],
                "self": false,
                "to_port": 22
              }
            ],
            "name": "deen-sg",
            "name_prefix": "",
            "owner_id": "535002884759",
            "region": "us-east-1",
            "revoke_rules_on_delete": false,
            "tags": {
              "Environment": "production",
              "Name": "deen-sg"
            },
            "tags_all": {
              "Environment": "production",
              "Name": "deen-sg"
            },
            "timeouts": null,
            "vpc_id": "vpc-02ca0ba85838364a4"
          },
          "sensitive_attributes": [],
          "private": "eyJlMmJmYjczMC1lY2FhLTExZTYtOGY4OC0zNDM2M2JjN2M0YzAiOnsiY3JlYXRlIjo2MDAwMDAwMDAwMDAsImRlbGV0ZSI6OTAwMDAwMDAwMDAwfSwic2NoZW1hX3ZlcnNpb24iOiIxIn0=",
          "dependencies": [
            "module.vpc-deployment.aws_vpc.tf_aws_vpc"
          ]
        }
      ]
    },
    {
      "module": "module.vpc-deployment",
      "mode": "managed",
      "type": "aws_subnet",
      "name": "tf_aws_private_subnet",
      "provider": "provider[\"registry.terraform.io/hashicorp/aws\"]",
      "instances": [
        {
          "index_key": 0,
          "schema_version": 1,
          "attributes": {
            "arn": "arn:aws:ec2:us-east-1:535002884759:subnet/subnet-0dd98426f5abcb510",
            "assign_ipv6_address_on_creation": false,
            "availability_zone": "us-east-1a",
            "availability_zone_id": "use1-az4",
            "cidr_block": "10.0.3.0/24",
            "customer_owned_ipv4_pool": "",
            "enable_dns64": false,
            "enable_lni_at_device_index": 0,
            "enable_resource_name_dns_a_record_on_launch": false,
            "enable_resource_name_dns_aaaa_record_on_launch": false,
            "id": "subnet-0dd98426f5abcb510",
            "ipv6_cidr_block": "",
            "ipv6_cidr_block_association_id": "",
            "ipv6_native": false,
            "map_customer_owned_ip_on_launch": false,
            "map_public_ip_on_launch": false,
            "outpost_arn": "",
            "owner_id": "535002884759",
            "private_dns_hostname_type_on_launch": "ip-name",
            "region": "us-east-1",
            "tags": {
              "Environment": "production",
              "Name": "deen-private-subnet-1-us-east-1a"
            },
            "tags_all": {
              "Environment": "production",
              "Name": "deen-private-subnet-1-us-east-1a"
            },
            "timeouts": null,
            "vpc_id": "vpc-02ca0ba85838364a4"
          },
          "sensitive_attributes": [],
          "private": "eyJlMmJmYjczMC1lY2FhLTExZTYtOGY4OC0zNDM2M2JjN2M0YzAiOnsiY3JlYXRlIjo2MDAwMDAwMDAwMDAsImRlbGV0ZSI6MTIwMDAwMDAwMDAwMH0sInNjaGVtYV92ZXJzaW9uIjoiMSJ9",
          "dependencies": [
            "module.vpc-deployment.aws_vpc.tf_aws_vpc",
            "module.vpc-deployment.data.aws_availability_zones.available"
          ]
        },
        {
          "index_key": 1,
          "schema_version": 1,
          "attributes": {
            "arn": "arn:aws:ec2:us-east-1:535002884759:subnet/subnet-055375e5ba917a205",
            "assign_ipv6_address_on_creation": false,
            "availability_zone": "us-east-1b",
            "availability_zone_id": "use1-az6",
            "cidr_block": "10.0.4.0/24",
            "customer_owned_ipv4_pool": "",
            "enable_dns64": false,
            "enable_lni_at_device_index": 0,
            "enable_resource_name_dns_a_record_on_launch": false,
            "enable_resource_name_dns_aaaa_record_on_launch": false,
            "id": "subnet-055375e5ba917a205",
            "ipv6_cidr_block": "",
            "ipv6_cidr_block_association_id": "",
            "ipv6_native": false,
            "map_customer_owned_ip_on_launch": false,
            "map_public_ip_on_launch": false,
            "outpost_arn": "",
            "owner_id": "535002884759",
            "private_dns_hostname_type_on_launch": "ip-name",
            "region": "us-east-1",
            "tags": {
              "Environment": "production",
              "Name": "deen-private-subnet-2-us-east-1b"
            },
            "tags_all": {
              "Environment": "production",
              "Name": "deen-private-subnet-2-us-east-1b"
            },
            "timeouts": null,
            "vpc_id": "vpc-02ca0ba85838364a4"
          },
          "sensitive_attributes": [],
          "private": "eyJlMmJmYjczMC1lY2FhLTExZTYtOGY4OC0zNDM2M2JjN2M0YzAiOnsiY3JlYXRlIjo2MDAwMDAwMDAwMDAsImRlbGV0ZSI6MTIwMDAwMDAwMDAwMH0sInNjaGVtYV92ZXJzaW9uIjoiMSJ9",
          "dependencies": [
            "module.vpc-deployment.aws_vpc.tf_aws_vpc",
            "module.vpc-deployment.data.aws_availability_zones.available"
          ]
        }
      ]
    },
    {
      "module": "module.vpc-deployment",
      "mode": "managed",
      "type": "aws_subnet",
      "name": "tf_aws_public_subnet",
      "provider": "provider[\"registry.terraform.io/hashicorp/aws\"]",
      "instances": [
        {
          "index_key": 0,
          "schema_version": 1,
          "attributes": {
            "arn": "arn:aws:ec2:us-east-1:535002884759:subnet/subnet-058e435d3863552ae",
            "assign_ipv6_address_on_creation": false,
            "availability_zone": "us-east-1a",
            "availability_zone_id": "use1-az4",
            "cidr_block": "10.0.1.0/24",
            "customer_owned_ipv4_pool": "",
            "enable_dns64": false,
            "enable_lni_at_device_index": 0,
            "enable_resource_name_dns_a_record_on_launch": false,
            "enable_resource_name_dns_aaaa_record_on_launch": false,
            "id": "subnet-058e435d3863552ae",
            "ipv6_cidr_block": "",
            "ipv6_cidr_block_association_id": "",
            "ipv6_native": false,
            "map_customer_owned_ip_on_launch": false,
            "map_public_ip_on_launch": false,
            "outpost_arn": "",
            "owner_id": "535002884759",
            "private_dns_hostname_type_on_launch": "ip-name",
            "region": "us-east-1",
            "tags": {
              "Environment": "production",
              "Name": "deen-public-subnet-1-us-east-1a"
            },
            "tags_all": {
              "Environment": "production",
              "Name": "deen-public-subnet-1-us-east-1a"
            },
            "timeouts": null,
            "vpc_id": "vpc-02ca0ba85838364a4"
          },
          "sensitive_attributes": [],
          "private": "eyJlMmJmYjczMC1lY2FhLTExZTYtOGY4OC0zNDM2M2JjN2M0YzAiOnsiY3JlYXRlIjo2MDAwMDAwMDAwMDAsImRlbGV0ZSI6MTIwMDAwMDAwMDAwMH0sInNjaGVtYV92ZXJzaW9uIjoiMSJ9",
          "dependencies": [
            "module.vpc-deployment.aws_vpc.tf_aws_vpc",
            "module.vpc-deployment.data.aws_availability_zones.available"
          ]
        },
        {
          "index_key": 1,
          "schema_version": 1,
          "attributes": {
            "arn": "arn:aws:ec2:us-east-1:535002884759:subnet/subnet-0b5b7a9bfe1a4bf7e",
            "assign_ipv6_address_on_creation": false,
            "availability_zone": "us-east-1b",
            "availability_zone_id": "use1-az6",
            "cidr_block": "10.0.2.0/24",
            "customer_owned_ipv4_pool": "",
            "enable_dns64": false,
            "enable_lni_at_device_index": 0,
            "enable_resource_name_dns_a_record_on_launch": false,
            "enable_resource_name_dns_aaaa_record_on_launch": false,
            "id": "subnet-0b5b7a9bfe1a4bf7e",
            "ipv6_cidr_block": "",
            "ipv6_cidr_block_association_id": "",
            "ipv6_native": false,
            "map_customer_owned_ip_on_launch": false,
            "map_public_ip_on_launch": false,
            "outpost_arn": "",
            "owner_id": "535002884759",
            "private_dns_hostname_type_on_launch": "ip-name",
            "region": "us-east-1",
            "tags": {
              "Environment": "production",
              "Name": "deen-public-subnet-2-us-east-1b"
            },
            "tags_all": {
              "Environment": "production",
              "Name": "deen-public-subnet-2-us-east-1b"
            },
            "timeouts": null,
            "vpc_id": "vpc-02ca0ba85838364a4"
          },
          "sensitive_attributes": [],
          "private": "eyJlMmJmYjczMC1lY2FhLTExZTYtOGY4OC0zNDM2M2JjN2M0YzAiOnsiY3JlYXRlIjo2MDAwMDAwMDAwMDAsImRlbGV0ZSI6MTIwMDAwMDAwMDAwMH0sInNjaGVtYV92ZXJzaW9uIjoiMSJ9",
          "dependencies": [
            "module.vpc-deployment.aws_vpc.tf_aws_vpc",
            "module.vpc-deployment.data.aws_availability_zones.available"
          ]
        }
      ]
    },
    {
      "module": "module.vpc-deployment",
      "mode": "managed",
      "type": "aws_vpc",
      "name": "tf_aws_vpc",
      "provider": "provider[\"registry.terraform.io/hashicorp/aws\"]",
      "instances": [
        {
          "schema_version": 1,
          "attributes": {
            "arn": "arn:aws:ec2:us-east-1:535002884759:vpc/vpc-02ca0ba85838364a4",
            "assign_generated_ipv6_cidr_block": false,
            "cidr_block": "10.0.0.0/16",
            "default_network_acl_id": "acl-04acb98b326b3ddb8",
            "default_route_table_id": "rtb-03d723ba5b8692542",
            "default_security_group_id": "sg-0457820e40092b320",
            "dhcp_options_id": "dopt-09e3400a5e6686666",
            "enable_dns_hostnames": true,
            "enable_dns_support": true,
            "enable_network_address_usage_metrics": false,
            "id": "vpc-02ca0ba85838364a4",
            "instance_tenancy": "default",
            "ipv4_ipam_pool_id": null,
            "ipv4_netmask_length": null,
            "ipv6_association_id": "",
            "ipv6_cidr_block": "",
            "ipv6_cidr_block_network_border_group": "",
            "ipv6_ipam_pool_id": "",
            "ipv6_netmask_length": 0,
            "main_route_table_id": "rtb-03d723ba5b8692542",
            "owner_id": "535002884759",
            "region": "us-east-1",
            "tags": {
              "Environment": "production",
              "Name": "deen-vpc"
            },
            "tags_all": {
              "Environment": "production",
              "Name": "deen-vpc"
            }
          },
          "sensitive_attributes": [],
          "private": "eyJzY2hlbWFfdmVyc2lvbiI6IjEifQ=="
        }
      ]
    }
  ],
  "check_results": null
}
